
Microsoft Visual Studio Solution File, Format Version 12.00
# Visual Studio Version 17
VisualStudioVersion = 17.4.33103.184
MinimumVisualStudioVersion = 10.0.40219.1
Project("{FAE04EC0-301F-11D3-BF4B-00C04F79EFBC}") = "ComprimirProduccion", "ComprimirProduccion.csproj", "{AB4A5AA8-2062-4F3E-8FF2-C4AB89AE298B}"
EndProject
Global
	GlobalSection(SolutionConfigurationPlatforms) = preSolution
		Debug|Any CPU = Debug|Any CPU
		Release|Any CPU = Release|Any CPU
	EndGlobalSection
	GlobalSection(ProjectConfigurationPlatforms) = postSolution
		{AB4A5AA8-2062-4F3E-8FF2-C4AB89AE298B}.Debug|Any CPU.ActiveCfg = Debug|Any CPU
		{AB4A5AA8-2062-4F3E-8FF2-C4AB89AE298B}.Debug|Any CPU.Build.0 = Debug|Any CPU
		{AB4A5AA8-2062-4F3E-8FF2-C4AB89AE298B}.Release|Any CPU.ActiveCfg = Release|Any CPU
		{AB4A5AA8-2062-4F3E-8FF2-C4AB89AE298B}.Release|Any CPU.Build.0 = Release|Any CPU
	EndGlobalSection
	GlobalSection(SolutionProperties) = preSolution
		HideSolutionNode = FALSE
	EndGlobalSection
	GlobalSection(ExtensibilityGlobals) = postSolution
		SolutionGuid = {A5DD860D-8A2A-489C-BA24-A55D0FBE8192}
	EndGlobalSection
EndGlobal
